<?xml version="1.0" encoding="utf-8"?>
<Project ToolsVersion="4.0" xmlns="http://schemas.microsoft.com/developer/msbuild/2003">
  <ItemGroup>
    <Filter Include="Source Files">
      <UniqueIdentifier>{4FC737F1-C7A5-4376-A066-2A32D752A2FF}</UniqueIdentifier>
      <Extensions>cpp;c;cc;cxx;def;odl;idl;hpj;bat;asm;asmx</Extensions>
    </Filter>
    <Filter Include="Header Files">
      <UniqueIdentifier>{93995380-89BD-4b04-88EB-625FBE52EBFB}</UniqueIdentifier>
      <Extensions>h;hh;hpp;hxx;hm;inl;inc;xsd</Extensions>
    </Filter>
    <Filter Include="Resource Files">
      <UniqueIdentifier>{67DA6AB6-F800-4c08-8B7A-83BB121AAD01}</UniqueIdentifier>
      <Extensions>rc;ico;cur;bmp;dlg;rc2;rct;bin;rgs;gif;jpg;jpeg;jpe;resx;tiff;tif;png;wav;mfcribbon-ms</Extensions>
    </Filter>
    <Filter Include="GameManagemeant">
      <UniqueIdentifier>{019ad24e-b4d6-4f23-b4ab-dcb210310f6f}</UniqueIdentifier>
    </Filter>
    <Filter Include="SRC">
      <UniqueIdentifier>{c8f9b868-ad83-43ff-bf37-6b308f6469ab}</UniqueIdentifier>
    </Filter>
    <Filter Include="SRC\Vendore">
      <UniqueIdentifier>{34f4c789-345b-4378-a7a0-f9e7bd473ed5}</UniqueIdentifier>
    </Filter>
    <Filter Include="SRC\Vendore\stb_image">
      <UniqueIdentifier>{720ebaff-59b1-42da-bac9-7bc4e5a8c78d}</UniqueIdentifier>
    </Filter>
  </ItemGroup>
  <ItemGroup>
    <ClCompile Include="main.cpp">
      <Filter>GameManagemeant</Filter>
    </ClCompile>
    <ClCompile Include="GameManager.cpp">
      <Filter>GameManagemeant</Filter>
    </ClCompile>
    <ClCompile Include="stb_image.cpp">
      <Filter>SRC\Vendore\stb_image</Filter>
    </ClCompile>
    <ClCompile Include="Render.cpp">
      <Filter>SRC</Filter>
    </ClCompile>
    <ClCompile Include="VertexBuffer.cpp">
      <Filter>SRC</Filter>
    </ClCompile>
    <ClCompile Include="IndexBuffer.cpp">
      <Filter>SRC</Filter>
    </ClCompile>
    <ClCompile Include="VertexArrayObject.cpp">
      <Filter>SRC</Filter>
    </ClCompile>
    <ClCompile Include="CustomShader.cpp">
      <Filter>SRC</Filter>
    </ClCompile>
  </ItemGroup>
  <ItemGroup>
    <ClInclude Include="GameManager.h">
      <Filter>GameManagemeant</Filter>
    </ClInclude>
    <ClInclude Include="stb_image.h">
      <Filter>SRC\Vendore\stb_image</Filter>
    </ClInclude>
    <ClInclude Include="Render.h">
      <Filter>SRC</Filter>
    </ClInclude>
    <ClInclude Include="VertexBuffer.h">
      <Filter>SRC</Filter>
    </ClInclude>
    <ClInclude Include="IndexBuffer.h">
      <Filter>SRC</Filter>
    </ClInclude>
    <ClInclude Include="VertexArrayObject.h">
      <Filter>SRC</Filter>
    </ClInclude>
    <ClInclude Include="VertextBufferLayout.h">
      <Filter>SRC</Filter>
    </ClInclude>
    <ClInclude Include="CustomShader.h">
      <Filter>SRC</Filter>
    </ClInclude>
    <ClInclude Include="GL_Calls.h">
      <Filter>SRC</Filter>
    </ClInclude>
  </ItemGroup>
</Project>